[[package]]
category = "main"
description = "Python package for providing Mozilla's CA Bundle."
name = "certifi"
optional = false
python-versions = "*"
version = "2020.6.20"

[[package]]
category = "main"
description = "Foreign Function Interface for Python calling C code."
marker = "extra == \"signedtoken\""
name = "cffi"
optional = false
python-versions = "*"
version = "1.14.3"

[package.dependencies]
pycparser = "*"

[[package]]
category = "main"
description = "Universal encoding detector for Python 2 and 3"
name = "chardet"
optional = false
python-versions = "*"
version = "3.0.4"

[[package]]
category = "main"
description = "cryptography is a package which provides cryptographic recipes and primitives to Python developers."
marker = "extra == \"signedtoken\""
name = "cryptography"
optional = false
python-versions = ">=2.7,!=3.0.*,!=3.1.*,!=3.2.*,!=3.3.*,!=3.4.*"
version = "3.1.1"

[package.dependencies]
cffi = ">=1.8,<1.11.3 || >1.11.3"
six = ">=1.4.1"

[[package]]
category = "main"
description = "XML bomb protection for Python stdlib modules"
name = "defusedxml"
optional = false
python-versions = ">=2.7, !=3.0.*, !=3.1.*, !=3.2.*, !=3.3.*, !=3.4.*"
version = "0.6.0"

[[package]]
category = "main"
description = "Python @deprecated decorator to deprecate old python classes, functions or methods."
name = "deprecated"
optional = false
python-versions = ">=2.7, !=3.0.*, !=3.1.*, !=3.2.*, !=3.3.*"
version = "1.2.10"

[package.dependencies]
wrapt = ">=1.10,<2"

[[package]]
category = "main"
description = "Internationalized Domain Names in Applications (IDNA)"
name = "idna"
optional = false
python-versions = ">=2.7, !=3.0.*, !=3.1.*, !=3.2.*, !=3.3.*"
version = "2.10"

[[package]]
category = "main"
description = "Python library for interacting with JIRA via REST APIs."
name = "jira"
optional = false
python-versions = "*"
version = "2.0.0"

[package.dependencies]
defusedxml = "*"
oauthlib = ">=1.0.0"
pbr = ">=3.0.0"
requests = ">=2.10.0"
requests-oauthlib = ">=0.6.1"
requests-toolbelt = "*"
setuptools = ">=20.10.1"
six = ">=1.10.0"

[[package]]
category = "main"
description = "A generic, spec-compliant, thorough implementation of the OAuth request-signing logic"
name = "oauthlib"
optional = false
python-versions = ">=2.7, !=3.0.*, !=3.1.*, !=3.2.*, !=3.3.*"
version = "3.1.0"

[package.dependencies]
cryptography = "*"
pyjwt = ">=1.0.0"

[[package]]
category = "main"
description = "Python Build Reasonableness"
name = "pbr"
optional = false
python-versions = ">=2.6"
version = "5.5.0"

[[package]]
category = "main"
description = "C parser in Python"
marker = "extra == \"signedtoken\""
name = "pycparser"
optional = false
python-versions = ">=2.7, !=3.0.*, !=3.1.*, !=3.2.*, !=3.3.*"
version = "2.20"

[[package]]
category = "main"
description = "Use the full Github API v3"
name = "pygithub"
optional = false
python-versions = ">=3.5"
version = "1.53"

[package.dependencies]
deprecated = "*"
pyjwt = "*"
requests = ">=2.14.0"

[[package]]
category = "main"
description = "JSON Web Token implementation in Python"
name = "pyjwt"
optional = false
python-versions = "*"
version = "1.7.1"

[[package]]
category = "main"
description = "YAML parser and emitter for Python"
name = "pyyaml"
optional = false
python-versions = ">=2.7, !=3.0.*, !=3.1.*, !=3.2.*, !=3.3.*, !=3.4.*"
version = "5.3.1"

[[package]]
category = "main"
description = "Python HTTP for Humans."
name = "requests"
optional = false
python-versions = ">=2.7, !=3.0.*, !=3.1.*, !=3.2.*, !=3.3.*, !=3.4.*"
version = "2.24.0"

[package.dependencies]
certifi = ">=2017.4.17"
chardet = ">=3.0.2,<4"
idna = ">=2.5,<3"
urllib3 = ">=1.21.1,<1.25.0 || >1.25.0,<1.25.1 || >1.25.1,<1.26"

[[package]]
category = "main"
description = "OAuthlib authentication support for Requests."
name = "requests-oauthlib"
optional = false
python-versions = ">=2.7, !=3.0.*, !=3.1.*, !=3.2.*, !=3.3.*"
version = "1.3.0"

[package.dependencies]
oauthlib = ">=3.0.0"
requests = ">=2.0.0"

[[package]]
category = "main"
description = "A utility belt for advanced users of python-requests"
name = "requests-toolbelt"
optional = false
python-versions = "*"
version = "0.9.1"

[package.dependencies]
requests = ">=2.0.1,<3.0.0"

[[package]]
category = "main"
description = "Python helper for Semantic Versioning (http://semver.org/)"
name = "semver"
optional = false
python-versions = ">=2.7, !=3.0.*, !=3.1.*, !=3.2.*, !=3.3.*"
version = "2.10.2"

[[package]]
category = "main"
description = "Python 2 and 3 compatibility utilities"
name = "six"
optional = false
python-versions = ">=2.7, !=3.0.*, !=3.1.*, !=3.2.*"
version = "1.15.0"

[[package]]
category = "main"
description = "ANSII Color formatting for output in terminal."
name = "termcolor"
optional = false
python-versions = "*"
version = "1.1.0"

[[package]]
category = "main"
description = "HTTP library with thread-safe connection pooling, file post, and more."
name = "urllib3"
optional = false
python-versions = ">=2.7, !=3.0.*, !=3.1.*, !=3.2.*, !=3.3.*, !=3.4.*, <4"
version = "1.25.10"

[[package]]
category = "main"
description = "Module for decorators, wrappers and monkey patching."
name = "wrapt"
optional = false
python-versions = "*"
version = "1.12.1"

[metadata]
content-hash = "90a6a9caa2641195e605c40a088630e57445e26e96d9615f53266fb7ce2e0ef2"
python-versions = "^3.7"

[metadata.hashes]
certifi = ["5930595817496dd21bb8dc35dad090f1c2cd0adfaf21204bf6732ca5d8ee34d3", "8fc0819f1f30ba15bdb34cceffb9ef04d99f420f68eb75d901e9560b8749fc41"]
cffi = ["005f2bfe11b6745d726dbb07ace4d53f057de66e336ff92d61b8c7e9c8f4777d", "09e96138280241bd355cd585148dec04dbbedb4f46128f340d696eaafc82dd7b", "0b1ad452cc824665ddc682400b62c9e4f5b64736a2ba99110712fdee5f2505c4", "0ef488305fdce2580c8b2708f22d7785ae222d9825d3094ab073e22e93dfe51f", "15f351bed09897fbda218e4db5a3d5c06328862f6198d4fb385f3e14e19decb3", "22399ff4870fb4c7ef19fff6eeb20a8bbf15571913c181c78cb361024d574579", "23e5d2040367322824605bc29ae8ee9175200b92cb5483ac7d466927a9b3d537", "2791f68edc5749024b4722500e86303a10d342527e1e3bcac47f35fbd25b764e", "2f9674623ca39c9ebe38afa3da402e9326c245f0f5ceff0623dccdac15023e05", "3363e77a6176afb8823b6e06db78c46dbc4c7813b00a41300a4873b6ba63b171", "33c6cdc071ba5cd6d96769c8969a0531be2d08c2628a0143a10a7dcffa9719ca", "3b8eaf915ddc0709779889c472e553f0d3e8b7bdf62dab764c8921b09bf94522", "3cb3e1b9ec43256c4e0f8d2837267a70b0e1ca8c4f456685508ae6106b1f504c", "3eeeb0405fd145e714f7633a5173318bd88d8bbfc3dd0a5751f8c4f70ae629bc", "44f60519595eaca110f248e5017363d751b12782a6f2bd6a7041cba275215f5d", "4d7c26bfc1ea9f92084a1d75e11999e97b62d63128bcc90c3624d07813c52808", "529c4ed2e10437c205f38f3691a68be66c39197d01062618c55f74294a4a4828", "6642f15ad963b5092d65aed022d033c77763515fdc07095208f15d3563003869", "85ba797e1de5b48aa5a8427b6ba62cf69607c18c5d4eb747604b7302f1ec382d", "8f0f1e499e4000c4c347a124fa6a27d37608ced4fe9f7d45070563b7c4c370c9", "a624fae282e81ad2e4871bdb767e2c914d0539708c0f078b5b355258293c98b0", "b0358e6fefc74a16f745afa366acc89f979040e0cbc4eec55ab26ad1f6a9bfbc", "bbd2f4dfee1079f76943767fce837ade3087b578aeb9f69aec7857d5bf25db15", "bf39a9e19ce7298f1bd6a9758fa99707e9e5b1ebe5e90f2c3913a47bc548747c", "c11579638288e53fc94ad60022ff1b67865363e730ee41ad5e6f0a17188b327a", "c150eaa3dadbb2b5339675b88d4573c1be3cb6f2c33a6c83387e10cc0bf05bd3", "c53af463f4a40de78c58b8b2710ade243c81cbca641e34debf3396a9640d6ec1", "cb763ceceae04803adcc4e2d80d611ef201c73da32d8f2722e9d0ab0c7f10768", "cc75f58cdaf043fe6a7a6c04b3b5a0e694c6a9e24050967747251fb80d7bce0d", "d80998ed59176e8cba74028762fbd9b9153b9afc71ea118e63bbf5d4d0f9552b", "de31b5164d44ef4943db155b3e8e17929707cac1e5bd2f363e67a56e3af4af6e", "e66399cf0fc07de4dce4f588fc25bfe84a6d1285cc544e67987d22663393926d", "f0620511387790860b249b9241c2f13c3a80e21a73e0b861a2df24e9d6f56730", "f4eae045e6ab2bb54ca279733fe4eb85f1effda392666308250714e01907f394", "f92cdecb618e5fa4658aeb97d5eb3d2f47aa94ac6477c6daf0f306c5a3b9e6b1", "f92f789e4f9241cd262ad7a555ca2c648a98178a953af117ef7fad46aa1d5591"]
chardet = ["84ab92ed1c4d4f16916e05906b6b75a6c0fb5db821cc65e70cbd64a3e2a5eaae", "fc323ffcaeaed0e0a02bf4d117757b98aed530d9ed4531e3e15460124c106691"]
cryptography = ["21b47c59fcb1c36f1113f3709d37935368e34815ea1d7073862e92f810dc7499", "451cdf60be4dafb6a3b78802006a020e6cd709c22d240f94f7a0696240a17154", "4549b137d8cbe3c2eadfa56c0c858b78acbeff956bd461e40000b2164d9167c6", "48ee615a779ffa749d7d50c291761dc921d93d7cf203dca2db663b4f193f0e49", "559d622aef2a2dff98a892eef321433ba5bc55b2485220a8ca289c1ecc2bd54f", "5d52c72449bb02dd45a773a203196e6d4fae34e158769c896012401f33064396", "65beb15e7f9c16e15934569d29fb4def74ea1469d8781f6b3507ab896d6d8719", "680da076cad81cdf5ffcac50c477b6790be81768d30f9da9e01960c4b18a66db", "762bc5a0df03c51ee3f09c621e1cee64e3a079a2b5020de82f1613873d79ee70", "89aceb31cd5f9fc2449fe8cf3810797ca52b65f1489002d58fe190bfb265c536", "983c0c3de4cb9fcba68fd3f45ed846eb86a2a8b8d8bc5bb18364c4d00b3c61fe", "99d4984aabd4c7182050bca76176ce2dbc9fa9748afe583a7865c12954d714ba", "9d9fc6a16357965d282dd4ab6531013935425d0dc4950df2e0cf2a1b1ac1017d", "a7597ffc67987b37b12e09c029bd1dc43965f75d328076ae85721b84046e9ca7", "ab010e461bb6b444eaf7f8c813bb716be2d78ab786103f9608ffd37a4bd7d490", "b12e715c10a13ca1bd27fbceed9adc8c5ff640f8e1f7ea76416352de703523c8", "b2bded09c578d19e08bd2c5bb8fed7f103e089752c9cf7ca7ca7de522326e921", "b372026ebf32fe2523159f27d9f0e9f485092e43b00a5adacf732192a70ba118", "cb179acdd4ae1e4a5a160d80b87841b3d0e0be84af46c7bb2cd7ece57a39c4ba", "e97a3b627e3cb63c415a16245d6cef2139cca18bb1183d1b9375a1c14e83f3b3", "f0e099fc4cc697450c3dd4031791559692dd941a95254cb9aeded66a7aa8b9bc", "f99317a0fa2e49917689b8cf977510addcfaaab769b3f899b9c481bbd76730c2"]
defusedxml = ["6687150770438374ab581bb7a1b327a847dd9c5749e396102de3fad4e8a3ef93", "f684034d135af4c6cbb949b8a4d2ed61634515257a67299e5f940fbaa34377f5"]
deprecated = ["525ba66fb5f90b07169fdd48b6373c18f1ee12728ca277ca44567a367d9d7f74", "a766c1dccb30c5f6eb2b203f87edd1d8588847709c78589e1521d769addc8218"]
idna = ["b307872f855b18632ce0c21c5e45be78c0ea7ae4c15c828c20788b26921eb3f6", "b97d804b1e9b523befed77c48dacec60e6dcb0b5391d57af6a65a312a90648c0"]
jira = ["9adeead4d5f5a6aff74c630787f8bd2d4b0e154f3a3036641298064e91b2d25d", "e2a94adff98e45b29ded030adc76103eab34fa7d4d57303f211f572bedba0e93"]
oauthlib = ["bee41cc35fcca6e988463cacc3bcb8a96224f470ca547e697b604cc697b2f889", "df884cd6cbe20e32633f1db1072e9356f53638e4361bef4e8b03c9127c9328ea"]
pbr = ["14bfd98f51c78a3dd22a1ef45cf194ad79eee4a19e8e1a0d5c7f8e81ffe182ea", "5adc0f9fc64319d8df5ca1e4e06eea674c26b80e6f00c530b18ce6a6592ead15"]
pycparser = ["2d475327684562c3a96cc71adf7dc8c4f0565175cf86b6d7a404ff4c771f15f0", "7582ad22678f0fcd81102833f60ef8d0e57288b6b5fb00323d101be910e35705"]
pygithub = ["776befaddab9d8fddd525d52a6ca1ac228cf62b5b1e271836d766f4925e1452e", "8ad656bf79958e775ec59f7f5a3dbcbadac12147ae3dc42708b951064096af15"]
pyjwt = ["5c6eca3c2940464d106b99ba83b00c6add741c9becaec087fb7ccdefea71350e", "8d59a976fb773f3e6a39c85636357c4f0e242707394cadadd9814f5cbaa20e96"]
pyyaml = ["06a0d7ba600ce0b2d2fe2e78453a470b5a6e000a985dd4a4e54e436cc36b0e97", "240097ff019d7c70a4922b6869d8a86407758333f02203e0fc6ff79c5dcede76", "4f4b913ca1a7319b33cfb1369e91e50354d6f07a135f3b901aca02aa95940bd2", "69f00dca373f240f842b2931fb2c7e14ddbacd1397d57157a9b005a6a9942648", "73f099454b799e05e5ab51423c7bcf361c58d3206fa7b0d555426b1f4d9a3eaf", "74809a57b329d6cc0fdccee6318f44b9b8649961fa73144a98735b0aaf029f1f", "7739fc0fa8205b3ee8808aea45e968bc90082c10aef6ea95e855e10abf4a37b2", "95f71d2af0ff4227885f7a6605c37fd53d3a106fcab511b8860ecca9fcf400ee", "b8eac752c5e14d3eca0e6dd9199cd627518cb5ec06add0de9d32baeee6fe645d", "cc8955cfbfc7a115fa81d85284ee61147059a753344bc51098f3ccd69b0d7e0c", "d13155f591e6fcc1ec3b30685d50bf0711574e2c0dfffd7644babf8b5102ca1a"]
requests = ["b3559a131db72c33ee969480840fff4bb6dd111de7dd27c8ee1f820f4f00231b", "fe75cc94a9443b9246fc7049224f75604b113c36acb93f87b80ed42c44cbb898"]
requests-oauthlib = ["7f71572defaecd16372f9006f33c2ec8c077c3cfa6f5911a9a90202beb513f3d", "b4261601a71fd721a8bd6d7aa1cc1d6a8a93b4a9f5e96626f8e4d91e8beeaa6a", "fa6c47b933f01060936d87ae9327fead68768b69c6c9ea2109c48be30f2d4dbc"]
requests-toolbelt = ["380606e1d10dc85c3bd47bf5a6095f815ec007be7a8b69c878507068df059e6f", "968089d4584ad4ad7c171454f0a5c6dac23971e9472521ea3b6d49d610aa6fc0"]
semver = ["21e80ca738975ed513cba859db0a0d2faca2380aef1962f48272ebf9a8a44bd4", "c0a4a9d1e45557297a722ee9bac3de2ec2ea79016b6ffcaca609b0bc62cf4276"]
six = ["30639c035cdb23534cd4aa2dd52c3bf48f06e5f4a941509c8bafd8ce11080259", "8b74bedcbbbaca38ff6d7491d76f2b06b3592611af620f8426e82dddb04a5ced"]
termcolor = ["1d6d69ce66211143803fbc56652b41d73b4a400a2891d7bf7a1cdf4c02de613b"]
urllib3 = ["91056c15fa70756691db97756772bb1eb9678fa585d9184f24534b100dc60f4a", "e7983572181f5e1522d9c98453462384ee92a0be7fac5f1413a1e35c56cc0461"]
wrapt = ["b62ffa81fb85f4332a4f609cab4ac40709470da05643a082ec1eb88e6d9b97d7"]
